// !$*UTF8*$!
{
	archiveVersion = 1;
	classes = {
	};
	objectVersion = 56;
	objects = {

/* Begin PBXBuildFile section */
		012A00652BF698C30021B9A4 /* MainView.swift in Sources */ = {isa = PBXBuildFile; fileRef = 012A00642BF698C30021B9A4 /* MainView.swift */; };
		012A006A2BF6A3870021B9A4 /* HeaderView.swift in Sources */ = {isa = PBXBuildFile; fileRef = 012A00692BF6A3870021B9A4 /* HeaderView.swift */; };
		012A006C2BF6B3800021B9A4 /* REButton.swift in Sources */ = {isa = PBXBuildFile; fileRef = 012A006B2BF6B3800021B9A4 /* REButton.swift */; };
		012A006E2BF91AAC0021B9A4 /* Extensions.swift in Sources */ = {isa = PBXBuildFile; fileRef = 012A006D2BF91AAC0021B9A4 /* Extensions.swift */; };
		012A00702BF91D440021B9A4 /* MainViewViewModel.swift in Sources */ = {isa = PBXBuildFile; fileRef = 012A006F2BF91D440021B9A4 /* MainViewViewModel.swift */; };
		01D323402BF688E400A48B83 /* RecipEatApp.swift in Sources */ = {isa = PBXBuildFile; fileRef = 01D3233F2BF688E400A48B83 /* RecipEatApp.swift */; };
		01D323422BF688E400A48B83 /* LoginView.swift in Sources */ = {isa = PBXBuildFile; fileRef = 01D323412BF688E400A48B83 /* LoginView.swift */; };
		01D323442BF688E500A48B83 /* Assets.xcassets in Resources */ = {isa = PBXBuildFile; fileRef = 01D323432BF688E500A48B83 /* Assets.xcassets */; };
		01D323472BF688E500A48B83 /* Preview Assets.xcassets in Resources */ = {isa = PBXBuildFile; fileRef = 01D323462BF688E500A48B83 /* Preview Assets.xcassets */; };
		01D3234F2BF6899300A48B83 /* FirebaseAuth in Frameworks */ = {isa = PBXBuildFile; productRef = 01D3234E2BF6899300A48B83 /* FirebaseAuth */; };
		01D323512BF6899300A48B83 /* FirebaseFirestore in Frameworks */ = {isa = PBXBuildFile; productRef = 01D323502BF6899300A48B83 /* FirebaseFirestore */; };
		01D323532BF6899300A48B83 /* FirebaseFirestoreSwift in Frameworks */ = {isa = PBXBuildFile; productRef = 01D323522BF6899300A48B83 /* FirebaseFirestoreSwift */; };
		01D323552BF68B3A00A48B83 /* GoogleService-Info.plist in Resources */ = {isa = PBXBuildFile; fileRef = 01D323542BF68B3A00A48B83 /* GoogleService-Info.plist */; };
		01D3235B2BF68EF300A48B83 /* RegisterView.swift in Sources */ = {isa = PBXBuildFile; fileRef = 01D3235A2BF68EF300A48B83 /* RegisterView.swift */; };
		01D3235D2BF68F7900A48B83 /* RecipeDashboardView.swift in Sources */ = {isa = PBXBuildFile; fileRef = 01D3235C2BF68F7900A48B83 /* RecipeDashboardView.swift */; };
		01D3235F2BF68F8B00A48B83 /* RecipeView.swift in Sources */ = {isa = PBXBuildFile; fileRef = 01D3235E2BF68F8B00A48B83 /* RecipeView.swift */; };
		01D323612BF68FCF00A48B83 /* InstructionView.swift in Sources */ = {isa = PBXBuildFile; fileRef = 01D323602BF68FCF00A48B83 /* InstructionView.swift */; };
		01D323632BF6927900A48B83 /* SettingsView.swift in Sources */ = {isa = PBXBuildFile; fileRef = 01D323622BF6927900A48B83 /* SettingsView.swift */; };
		01D323652BF6929D00A48B83 /* RecipeCreationView.swift in Sources */ = {isa = PBXBuildFile; fileRef = 01D323642BF6929D00A48B83 /* RecipeCreationView.swift */; };
		01D323672BF6940300A48B83 /* RecipeDashboardItemView.swift in Sources */ = {isa = PBXBuildFile; fileRef = 01D323662BF6940300A48B83 /* RecipeDashboardItemView.swift */; };
		01D323692BF6941800A48B83 /* User.swift in Sources */ = {isa = PBXBuildFile; fileRef = 01D323682BF6941800A48B83 /* User.swift */; };
		01D3236B2BF6942300A48B83 /* Recipe.swift in Sources */ = {isa = PBXBuildFile; fileRef = 01D3236A2BF6942300A48B83 /* Recipe.swift */; };
		01D3236D2BF6943A00A48B83 /* Ingredient.swift in Sources */ = {isa = PBXBuildFile; fileRef = 01D3236C2BF6943A00A48B83 /* Ingredient.swift */; };
		01D3236F2BF6953C00A48B83 /* LoginViewModel.swift in Sources */ = {isa = PBXBuildFile; fileRef = 01D3236E2BF6953C00A48B83 /* LoginViewModel.swift */; };
		01D323712BF6954600A48B83 /* RegisterViewModel.swift in Sources */ = {isa = PBXBuildFile; fileRef = 01D323702BF6954600A48B83 /* RegisterViewModel.swift */; };
		01D323732BF6955100A48B83 /* SettingsViewModel.swift in Sources */ = {isa = PBXBuildFile; fileRef = 01D323722BF6955100A48B83 /* SettingsViewModel.swift */; };
		01D323752BF6956B00A48B83 /* RecipeDashboardViewModel.swift in Sources */ = {isa = PBXBuildFile; fileRef = 01D323742BF6956B00A48B83 /* RecipeDashboardViewModel.swift */; };
		01D323772BF6957700A48B83 /* RecipeDashboardItemViewModel.swift in Sources */ = {isa = PBXBuildFile; fileRef = 01D323762BF6957700A48B83 /* RecipeDashboardItemViewModel.swift */; };
		01D323792BF6958F00A48B83 /* RecipeCreationViewModel.swift in Sources */ = {isa = PBXBuildFile; fileRef = 01D323782BF6958F00A48B83 /* RecipeCreationViewModel.swift */; };
		01D3237B2BF695B000A48B83 /* RecipeViewModel.swift in Sources */ = {isa = PBXBuildFile; fileRef = 01D3237A2BF695B000A48B83 /* RecipeViewModel.swift */; };
		01D3237D2BF695C700A48B83 /* InstructionViewModel.swift in Sources */ = {isa = PBXBuildFile; fileRef = 01D3237C2BF695C700A48B83 /* InstructionViewModel.swift */; };
/* End PBXBuildFile section */

/* Begin PBXFileReference section */
		012A00642BF698C30021B9A4 /* MainView.swift */ = {isa = PBXFileReference; lastKnownFileType = sourcecode.swift; path = MainView.swift; sourceTree = "<group>"; };
		012A00692BF6A3870021B9A4 /* HeaderView.swift */ = {isa = PBXFileReference; lastKnownFileType = sourcecode.swift; path = HeaderView.swift; sourceTree = "<group>"; };
		012A006B2BF6B3800021B9A4 /* REButton.swift */ = {isa = PBXFileReference; lastKnownFileType = sourcecode.swift; path = REButton.swift; sourceTree = "<group>"; };
		012A006D2BF91AAC0021B9A4 /* Extensions.swift */ = {isa = PBXFileReference; lastKnownFileType = sourcecode.swift; path = Extensions.swift; sourceTree = "<group>"; };
		012A006F2BF91D440021B9A4 /* MainViewViewModel.swift */ = {isa = PBXFileReference; lastKnownFileType = sourcecode.swift; path = MainViewViewModel.swift; sourceTree = "<group>"; };
		01D3233C2BF688E400A48B83 /* RecipEat.app */ = {isa = PBXFileReference; explicitFileType = wrapper.application; includeInIndex = 0; path = RecipEat.app; sourceTree = BUILT_PRODUCTS_DIR; };
		01D3233F2BF688E400A48B83 /* RecipEatApp.swift */ = {isa = PBXFileReference; lastKnownFileType = sourcecode.swift; path = RecipEatApp.swift; sourceTree = "<group>"; };
		01D323412BF688E400A48B83 /* LoginView.swift */ = {isa = PBXFileReference; lastKnownFileType = sourcecode.swift; path = LoginView.swift; sourceTree = "<group>"; };
		01D323432BF688E500A48B83 /* Assets.xcassets */ = {isa = PBXFileReference; lastKnownFileType = folder.assetcatalog; path = Assets.xcassets; sourceTree = "<group>"; };
		01D323462BF688E500A48B83 /* Preview Assets.xcassets */ = {isa = PBXFileReference; lastKnownFileType = folder.assetcatalog; path = "Preview Assets.xcassets"; sourceTree = "<group>"; };
		01D323542BF68B3A00A48B83 /* GoogleService-Info.plist */ = {isa = PBXFileReference; fileEncoding = 4; lastKnownFileType = text.plist.xml; path = "GoogleService-Info.plist"; sourceTree = "<group>"; };
		01D3235A2BF68EF300A48B83 /* RegisterView.swift */ = {isa = PBXFileReference; lastKnownFileType = sourcecode.swift; path = RegisterView.swift; sourceTree = "<group>"; };
		01D3235C2BF68F7900A48B83 /* RecipeDashboardView.swift */ = {isa = PBXFileReference; lastKnownFileType = sourcecode.swift; path = RecipeDashboardView.swift; sourceTree = "<group>"; };
		01D3235E2BF68F8B00A48B83 /* RecipeView.swift */ = {isa = PBXFileReference; lastKnownFileType = sourcecode.swift; path = RecipeView.swift; sourceTree = "<group>"; };
		01D323602BF68FCF00A48B83 /* InstructionView.swift */ = {isa = PBXFileReference; lastKnownFileType = sourcecode.swift; path = InstructionView.swift; sourceTree = "<group>"; };
		01D323622BF6927900A48B83 /* SettingsView.swift */ = {isa = PBXFileReference; lastKnownFileType = sourcecode.swift; path = SettingsView.swift; sourceTree = "<group>"; };
		01D323642BF6929D00A48B83 /* RecipeCreationView.swift */ = {isa = PBXFileReference; lastKnownFileType = sourcecode.swift; path = RecipeCreationView.swift; sourceTree = "<group>"; };
		01D323662BF6940300A48B83 /* RecipeDashboardItemView.swift */ = {isa = PBXFileReference; lastKnownFileType = sourcecode.swift; path = RecipeDashboardItemView.swift; sourceTree = "<group>"; };
		01D323682BF6941800A48B83 /* User.swift */ = {isa = PBXFileReference; lastKnownFileType = sourcecode.swift; path = User.swift; sourceTree = "<group>"; };
		01D3236A2BF6942300A48B83 /* Recipe.swift */ = {isa = PBXFileReference; lastKnownFileType = sourcecode.swift; path = Recipe.swift; sourceTree = "<group>"; };
		01D3236C2BF6943A00A48B83 /* Ingredient.swift */ = {isa = PBXFileReference; lastKnownFileType = sourcecode.swift; path = Ingredient.swift; sourceTree = "<group>"; };
		01D3236E2BF6953C00A48B83 /* LoginViewModel.swift */ = {isa = PBXFileReference; lastKnownFileType = sourcecode.swift; path = LoginViewModel.swift; sourceTree = "<group>"; };
		01D323702BF6954600A48B83 /* RegisterViewModel.swift */ = {isa = PBXFileReference; lastKnownFileType = sourcecode.swift; path = RegisterViewModel.swift; sourceTree = "<group>"; };
		01D323722BF6955100A48B83 /* SettingsViewModel.swift */ = {isa = PBXFileReference; lastKnownFileType = sourcecode.swift; path = SettingsViewModel.swift; sourceTree = "<group>"; };
		01D323742BF6956B00A48B83 /* RecipeDashboardViewModel.swift */ = {isa = PBXFileReference; lastKnownFileType = sourcecode.swift; path = RecipeDashboardViewModel.swift; sourceTree = "<group>"; };
		01D323762BF6957700A48B83 /* RecipeDashboardItemViewModel.swift */ = {isa = PBXFileReference; lastKnownFileType = sourcecode.swift; path = RecipeDashboardItemViewModel.swift; sourceTree = "<group>"; };
		01D323782BF6958F00A48B83 /* RecipeCreationViewModel.swift */ = {isa = PBXFileReference; lastKnownFileType = sourcecode.swift; path = RecipeCreationViewModel.swift; sourceTree = "<group>"; };
		01D3237A2BF695B000A48B83 /* RecipeViewModel.swift */ = {isa = PBXFileReference; lastKnownFileType = sourcecode.swift; path = RecipeViewModel.swift; sourceTree = "<group>"; };
		01D3237C2BF695C700A48B83 /* InstructionViewModel.swift */ = {isa = PBXFileReference; lastKnownFileType = sourcecode.swift; path = InstructionViewModel.swift; sourceTree = "<group>"; };
/* End PBXFileReference section */

/* Begin PBXFrameworksBuildPhase section */
		01D323392BF688E400A48B83 /* Frameworks */ = {
			isa = PBXFrameworksBuildPhase;
			buildActionMask = 2147483647;
			files = (
				01D3234F2BF6899300A48B83 /* FirebaseAuth in Frameworks */,
				01D323512BF6899300A48B83 /* FirebaseFirestore in Frameworks */,
				01D323532BF6899300A48B83 /* FirebaseFirestoreSwift in Frameworks */,
			);
			runOnlyForDeploymentPostprocessing = 0;
		};
/* End PBXFrameworksBuildPhase section */

/* Begin PBXGroup section */
		012A00682BF69FDB0021B9A4 /* Custom Fonts */ = {
			isa = PBXGroup;
			children = (
			);
			path = "Custom Fonts";
			sourceTree = "<group>";
		};
		01D323332BF688E400A48B83 = {
			isa = PBXGroup;
			children = (
				01D3233E2BF688E400A48B83 /* RecipEat */,
				01D3233D2BF688E400A48B83 /* Products */,
			);
			sourceTree = "<group>";
		};
		01D3233D2BF688E400A48B83 /* Products */ = {
			isa = PBXGroup;
			children = (
				01D3233C2BF688E400A48B83 /* RecipEat.app */,
			);
			name = Products;
			sourceTree = "<group>";
		};
		01D3233E2BF688E400A48B83 /* RecipEat */ = {
			isa = PBXGroup;
			children = (
				012A00682BF69FDB0021B9A4 /* Custom Fonts */,
				01D323592BF68D2600A48B83 /* Misc */,
				01D323582BF68D1B00A48B83 /* Models */,
				01D323572BF68CF500A48B83 /* ViewModels */,
				01D323562BF68CEA00A48B83 /* Views */,
				01D323452BF688E500A48B83 /* Preview Content */,
			);
			path = RecipEat;
			sourceTree = "<group>";
		};
		01D323452BF688E500A48B83 /* Preview Content */ = {
			isa = PBXGroup;
			children = (
				01D323462BF688E500A48B83 /* Preview Assets.xcassets */,
			);
			path = "Preview Content";
			sourceTree = "<group>";
		};
		01D323562BF68CEA00A48B83 /* Views */ = {
			isa = PBXGroup;
			children = (
				012A00692BF6A3870021B9A4 /* HeaderView.swift */,
				012A00642BF698C30021B9A4 /* MainView.swift */,
				01D323412BF688E400A48B83 /* LoginView.swift */,
				01D3235A2BF68EF300A48B83 /* RegisterView.swift */,
				01D323622BF6927900A48B83 /* SettingsView.swift */,
				01D3235C2BF68F7900A48B83 /* RecipeDashboardView.swift */,
				01D323662BF6940300A48B83 /* RecipeDashboardItemView.swift */,
				01D323642BF6929D00A48B83 /* RecipeCreationView.swift */,
				01D3235E2BF68F8B00A48B83 /* RecipeView.swift */,
				01D323602BF68FCF00A48B83 /* InstructionView.swift */,
				012A006B2BF6B3800021B9A4 /* REButton.swift */,
			);
			path = Views;
			sourceTree = "<group>";
		};
		01D323572BF68CF500A48B83 /* ViewModels */ = {
			isa = PBXGroup;
			children = (
				012A006F2BF91D440021B9A4 /* MainViewViewModel.swift */,
				01D3236E2BF6953C00A48B83 /* LoginViewModel.swift */,
				01D323702BF6954600A48B83 /* RegisterViewModel.swift */,
				01D323722BF6955100A48B83 /* SettingsViewModel.swift */,
				01D323742BF6956B00A48B83 /* RecipeDashboardViewModel.swift */,
				01D323762BF6957700A48B83 /* RecipeDashboardItemViewModel.swift */,
				01D323782BF6958F00A48B83 /* RecipeCreationViewModel.swift */,
				01D3237A2BF695B000A48B83 /* RecipeViewModel.swift */,
				01D3237C2BF695C700A48B83 /* InstructionViewModel.swift */,
			);
			path = ViewModels;
			sourceTree = "<group>";
		};
		01D323582BF68D1B00A48B83 /* Models */ = {
			isa = PBXGroup;
			children = (
				01D323682BF6941800A48B83 /* User.swift */,
				01D3236A2BF6942300A48B83 /* Recipe.swift */,
				01D3236C2BF6943A00A48B83 /* Ingredient.swift */,
				012A006D2BF91AAC0021B9A4 /* Extensions.swift */,
			);
			path = Models;
			sourceTree = "<group>";
		};
		01D323592BF68D2600A48B83 /* Misc */ = {
			isa = PBXGroup;
			children = (
				01D323542BF68B3A00A48B83 /* GoogleService-Info.plist */,
				01D3233F2BF688E400A48B83 /* RecipEatApp.swift */,
				01D323432BF688E500A48B83 /* Assets.xcassets */,
			);
			path = Misc;
			sourceTree = "<group>";
		};
/* End PBXGroup section */

/* Begin PBXNativeTarget section */
		01D3233B2BF688E400A48B83 /* RecipEat */ = {
			isa = PBXNativeTarget;
			buildConfigurationList = 01D3234A2BF688E500A48B83 /* Build configuration list for PBXNativeTarget "RecipEat" */;
			buildPhases = (
				01D323382BF688E400A48B83 /* Sources */,
				01D323392BF688E400A48B83 /* Frameworks */,
				01D3233A2BF688E400A48B83 /* Resources */,
			);
			buildRules = (
			);
			dependencies = (
			);
			name = RecipEat;
			packageProductDependencies = (
				01D3234E2BF6899300A48B83 /* FirebaseAuth */,
				01D323502BF6899300A48B83 /* FirebaseFirestore */,
				01D323522BF6899300A48B83 /* FirebaseFirestoreSwift */,
			);
			productName = RecipEat;
			productReference = 01D3233C2BF688E400A48B83 /* RecipEat.app */;
			productType = "com.apple.product-type.application";
		};
/* End PBXNativeTarget section */

/* Begin PBXProject section */
		01D323342BF688E400A48B83 /* Project object */ = {
			isa = PBXProject;
			attributes = {
				BuildIndependentTargetsInParallel = 1;
				LastSwiftUpdateCheck = 1540;
				LastUpgradeCheck = 1540;
				TargetAttributes = {
					01D3233B2BF688E400A48B83 = {
						CreatedOnToolsVersion = 15.4;
					};
				};
			};
			buildConfigurationList = 01D323372BF688E400A48B83 /* Build configuration list for PBXProject "RecipEat" */;
			compatibilityVersion = "Xcode 14.0";
			developmentRegion = en;
			hasScannedForEncodings = 0;
			knownRegions = (
				en,
				Base,
			);
			mainGroup = 01D323332BF688E400A48B83;
			packageReferences = (
				01D3234D2BF6899300A48B83 /* XCRemoteSwiftPackageReference "firebase-ios-sdk" */,
			);
			productRefGroup = 01D3233D2BF688E400A48B83 /* Products */;
			projectDirPath = "";
			projectRoot = "";
			targets = (
				01D3233B2BF688E400A48B83 /* RecipEat */,
			);
		};
/* End PBXProject section */

/* Begin PBXResourcesBuildPhase section */
		01D3233A2BF688E400A48B83 /* Resources */ = {
			isa = PBXResourcesBuildPhase;
			buildActionMask = 2147483647;
			files = (
				01D323472BF688E500A48B83 /* Preview Assets.xcassets in Resources */,
				01D323442BF688E500A48B83 /* Assets.xcassets in Resources */,
				01D323552BF68B3A00A48B83 /* GoogleService-Info.plist in Resources */,
			);
			runOnlyForDeploymentPostprocessing = 0;
		};
/* End PBXResourcesBuildPhase section */

/* Begin PBXSourcesBuildPhase section */
		01D323382BF688E400A48B83 /* Sources */ = {
			isa = PBXSourcesBuildPhase;
			buildActionMask = 2147483647;
			files = (
				01D323632BF6927900A48B83 /* SettingsView.swift in Sources */,
				012A00652BF698C30021B9A4 /* MainView.swift in Sources */,
				01D3237B2BF695B000A48B83 /* RecipeViewModel.swift in Sources */,
				01D3235B2BF68EF300A48B83 /* RegisterView.swift in Sources */,
				01D3237D2BF695C700A48B83 /* InstructionViewModel.swift in Sources */,
				01D3235D2BF68F7900A48B83 /* RecipeDashboardView.swift in Sources */,
				01D323652BF6929D00A48B83 /* RecipeCreationView.swift in Sources */,
				012A006A2BF6A3870021B9A4 /* HeaderView.swift in Sources */,
				012A00702BF91D440021B9A4 /* MainViewViewModel.swift in Sources */,
				01D323422BF688E400A48B83 /* LoginView.swift in Sources */,
				01D323792BF6958F00A48B83 /* RecipeCreationViewModel.swift in Sources */,
				01D323752BF6956B00A48B83 /* RecipeDashboardViewModel.swift in Sources */,
				01D323732BF6955100A48B83 /* SettingsViewModel.swift in Sources */,
				01D323402BF688E400A48B83 /* RecipEatApp.swift in Sources */,
				01D323672BF6940300A48B83 /* RecipeDashboardItemView.swift in Sources */,
				012A006C2BF6B3800021B9A4 /* REButton.swift in Sources */,
				01D323772BF6957700A48B83 /* RecipeDashboardItemViewModel.swift in Sources */,
				01D3235F2BF68F8B00A48B83 /* RecipeView.swift in Sources */,
				01D3236F2BF6953C00A48B83 /* LoginViewModel.swift in Sources */,
				01D323712BF6954600A48B83 /* RegisterViewModel.swift in Sources */,
				012A006E2BF91AAC0021B9A4 /* Extensions.swift in Sources */,
				01D3236D2BF6943A00A48B83 /* Ingredient.swift in Sources */,
				01D323692BF6941800A48B83 /* User.swift in Sources */,
				01D323612BF68FCF00A48B83 /* InstructionView.swift in Sources */,
				01D3236B2BF6942300A48B83 /* Recipe.swift in Sources */,
			);
			runOnlyForDeploymentPostprocessing = 0;
		};
/* End PBXSourcesBuildPhase section */

/* Begin XCBuildConfiguration section */
		01D323482BF688E500A48B83 /* Debug */ = {
			isa = XCBuildConfiguration;
			buildSettings = {
				ALWAYS_SEARCH_USER_PATHS = NO;
				ASSETCATALOG_COMPILER_GENERATE_SWIFT_ASSET_SYMBOL_EXTENSIONS = YES;
				CLANG_ANALYZER_NONNULL = YES;
				CLANG_ANALYZER_NUMBER_OBJECT_CONVERSION = YES_AGGRESSIVE;
				CLANG_CXX_LANGUAGE_STANDARD = "gnu++20";
				CLANG_ENABLE_MODULES = YES;
				CLANG_ENABLE_OBJC_ARC = YES;
				CLANG_ENABLE_OBJC_WEAK = YES;
				CLANG_WARN_BLOCK_CAPTURE_AUTORELEASING = YES;
				CLANG_WARN_BOOL_CONVERSION = YES;
				CLANG_WARN_COMMA = YES;
				CLANG_WARN_CONSTANT_CONVERSION = YES;
				CLANG_WARN_DEPRECATED_OBJC_IMPLEMENTATIONS = YES;
				CLANG_WARN_DIRECT_OBJC_ISA_USAGE = YES_ERROR;
				CLANG_WARN_DOCUMENTATION_COMMENTS = YES;
				CLANG_WARN_EMPTY_BODY = YES;
				CLANG_WARN_ENUM_CONVERSION = YES;
				CLANG_WARN_INFINITE_RECURSION = YES;
				CLANG_WARN_INT_CONVERSION = YES;
				CLANG_WARN_NON_LITERAL_NULL_CONVERSION = YES;
				CLANG_WARN_OBJC_IMPLICIT_RETAIN_SELF = YES;
				CLANG_WARN_OBJC_LITERAL_CONVERSION = YES;
				CLANG_WARN_OBJC_ROOT_CLASS = YES_ERROR;
				CLANG_WARN_QUOTED_INCLUDE_IN_FRAMEWORK_HEADER = YES;
				CLANG_WARN_RANGE_LOOP_ANALYSIS = YES;
				CLANG_WARN_STRICT_PROTOTYPES = YES;
				CLANG_WARN_SUSPICIOUS_MOVE = YES;
				CLANG_WARN_UNGUARDED_AVAILABILITY = YES_AGGRESSIVE;
				CLANG_WARN_UNREACHABLE_CODE = YES;
				CLANG_WARN__DUPLICATE_METHOD_MATCH = YES;
				COPY_PHASE_STRIP = NO;
				DEBUG_INFORMATION_FORMAT = dwarf;
				ENABLE_STRICT_OBJC_MSGSEND = YES;
				ENABLE_TESTABILITY = YES;
				ENABLE_USER_SCRIPT_SANDBOXING = YES;
				GCC_C_LANGUAGE_STANDARD = gnu17;
				GCC_DYNAMIC_NO_PIC = NO;
				GCC_NO_COMMON_BLOCKS = YES;
				GCC_OPTIMIZATION_LEVEL = 0;
				GCC_PREPROCESSOR_DEFINITIONS = (
					"DEBUG=1",
					"$(inherited)",
				);
				GCC_WARN_64_TO_32_BIT_CONVERSION = YES;
				GCC_WARN_ABOUT_RETURN_TYPE = YES_ERROR;
				GCC_WARN_UNDECLARED_SELECTOR = YES;
				GCC_WARN_UNINITIALIZED_AUTOS = YES_AGGRESSIVE;
				GCC_WARN_UNUSED_FUNCTION = YES;
				GCC_WARN_UNUSED_VARIABLE = YES;
				IPHONEOS_DEPLOYMENT_TARGET = 17.5;
				LOCALIZATION_PREFERS_STRING_CATALOGS = YES;
				MTL_ENABLE_DEBUG_INFO = INCLUDE_SOURCE;
				MTL_FAST_MATH = YES;
				ONLY_ACTIVE_ARCH = YES;
				SDKROOT = iphoneos;
				SWIFT_ACTIVE_COMPILATION_CONDITIONS = "DEBUG $(inherited)";
				SWIFT_OPTIMIZATION_LEVEL = "-Onone";
			};
			name = Debug;
		};
		01D323492BF688E500A48B83 /* Release */ = {
			isa = XCBuildConfiguration;
			buildSettings = {
				ALWAYS_SEARCH_USER_PATHS = NO;
				ASSETCATALOG_COMPILER_GENERATE_SWIFT_ASSET_SYMBOL_EXTENSIONS = YES;
				CLANG_ANALYZER_NONNULL = YES;
				CLANG_ANALYZER_NUMBER_OBJECT_CONVERSION = YES_AGGRESSIVE;
				CLANG_CXX_LANGUAGE_STANDARD = "gnu++20";
				CLANG_ENABLE_MODULES = YES;
				CLANG_ENABLE_OBJC_ARC = YES;
				CLANG_ENABLE_OBJC_WEAK = YES;
				CLANG_WARN_BLOCK_CAPTURE_AUTORELEASING = YES;
				CLANG_WARN_BOOL_CONVERSION = YES;
				CLANG_WARN_COMMA = YES;
				CLANG_WARN_CONSTANT_CONVERSION = YES;
				CLANG_WARN_DEPRECATED_OBJC_IMPLEMENTATIONS = YES;
				CLANG_WARN_DIRECT_OBJC_ISA_USAGE = YES_ERROR;
				CLANG_WARN_DOCUMENTATION_COMMENTS = YES;
				CLANG_WARN_EMPTY_BODY = YES;
				CLANG_WARN_ENUM_CONVERSION = YES;
				CLANG_WARN_INFINITE_RECURSION = YES;
				CLANG_WARN_INT_CONVERSION = YES;
				CLANG_WARN_NON_LITERAL_NULL_CONVERSION = YES;
				CLANG_WARN_OBJC_IMPLICIT_RETAIN_SELF = YES;
				CLANG_WARN_OBJC_LITERAL_CONVERSION = YES;
				CLANG_WARN_OBJC_ROOT_CLASS = YES_ERROR;
				CLANG_WARN_QUOTED_INCLUDE_IN_FRAMEWORK_HEADER = YES;
				CLANG_WARN_RANGE_LOOP_ANALYSIS = YES;
				CLANG_WARN_STRICT_PROTOTYPES = YES;
				CLANG_WARN_SUSPICIOUS_MOVE = YES;
				CLANG_WARN_UNGUARDED_AVAILABILITY = YES_AGGRESSIVE;
				CLANG_WARN_UNREACHABLE_CODE = YES;
				CLANG_WARN__DUPLICATE_METHOD_MATCH = YES;
				COPY_PHASE_STRIP = NO;
				DEBUG_INFORMATION_FORMAT = "dwarf-with-dsym";
				ENABLE_NS_ASSERTIONS = NO;
				ENABLE_STRICT_OBJC_MSGSEND = YES;
				ENABLE_USER_SCRIPT_SANDBOXING = YES;
				GCC_C_LANGUAGE_STANDARD = gnu17;
				GCC_NO_COMMON_BLOCKS = YES;
				GCC_WARN_64_TO_32_BIT_CONVERSION = YES;
				GCC_WARN_ABOUT_RETURN_TYPE = YES_ERROR;
				GCC_WARN_UNDECLARED_SELECTOR = YES;
				GCC_WARN_UNINITIALIZED_AUTOS = YES_AGGRESSIVE;
				GCC_WARN_UNUSED_FUNCTION = YES;
				GCC_WARN_UNUSED_VARIABLE = YES;
				IPHONEOS_DEPLOYMENT_TARGET = 17.5;
				LOCALIZATION_PREFERS_STRING_CATALOGS = YES;
				MTL_ENABLE_DEBUG_INFO = NO;
				MTL_FAST_MATH = YES;
				SDKROOT = iphoneos;
				SWIFT_COMPILATION_MODE = wholemodule;
				VALIDATE_PRODUCT = YES;
			};
			name = Release;
		};
		01D3234B2BF688E500A48B83 /* Debug */ = {
			isa = XCBuildConfiguration;
			buildSettings = {
				ASSETCATALOG_COMPILER_APPICON_NAME = AppIcon;
				ASSETCATALOG_COMPILER_GLOBAL_ACCENT_COLOR_NAME = AccentColor;
				CODE_SIGN_STYLE = Automatic;
				CURRENT_PROJECT_VERSION = 1;
				DEVELOPMENT_ASSET_PATHS = "\"RecipEat/Preview Content\"";
				ENABLE_PREVIEWS = YES;
				GENERATE_INFOPLIST_FILE = YES;
				INFOPLIST_KEY_CFBundleDisplayName = RecipEat;
				INFOPLIST_KEY_UIApplicationSceneManifest_Generation = YES;
				INFOPLIST_KEY_UIApplicationSupportsIndirectInputEvents = YES;
				INFOPLIST_KEY_UILaunchScreen_Generation = YES;
				INFOPLIST_KEY_UISupportedInterfaceOrientations = UIInterfaceOrientationPortrait;
				INFOPLIST_KEY_UISupportedInterfaceOrientations_iPad = "UIInterfaceOrientationPortrait UIInterfaceOrientationPortraitUpsideDown";
				LD_RUNPATH_SEARCH_PATHS = (
					"$(inherited)",
					"@executable_path/Frameworks",
				);
				MARKETING_VERSION = 1.0;
				PRODUCT_BUNDLE_IDENTIFIER = Nmac.RecipEat;
				PRODUCT_NAME = "$(TARGET_NAME)";
				SWIFT_EMIT_LOC_STRINGS = YES;
				SWIFT_VERSION = 5.0;
				TARGETED_DEVICE_FAMILY = "1,2";
			};
			name = Debug;
		};
		01D3234C2BF688E500A48B83 /* Release */ = {
			isa = XCBuildConfiguration;
			buildSettings = {
				ASSETCATALOG_COMPILER_APPICON_NAME = AppIcon;
				ASSETCATALOG_COMPILER_GLOBAL_ACCENT_COLOR_NAME = AccentColor;
				CODE_SIGN_STYLE = Automatic;
				CURRENT_PROJECT_VERSION = 1;
				DEVELOPMENT_ASSET_PATHS = "\"RecipEat/Preview Content\"";
				ENABLE_PREVIEWS = YES;
				GENERATE_INFOPLIST_FILE = YES;
				INFOPLIST_KEY_CFBundleDisplayName = RecipEat;
				INFOPLIST_KEY_UIApplicationSceneManifest_Generation = YES;
				INFOPLIST_KEY_UIApplicationSupportsIndirectInputEvents = YES;
				INFOPLIST_KEY_UILaunchScreen_Generation = YES;
				INFOPLIST_KEY_UISupportedInterfaceOrientations = UIInterfaceOrientationPortrait;
				INFOPLIST_KEY_UISupportedInterfaceOrientations_iPad = "UIInterfaceOrientationPortrait UIInterfaceOrientationPortraitUpsideDown";
				LD_RUNPATH_SEARCH_PATHS = (
					"$(inherited)",
					"@executable_path/Frameworks",
				);
				MARKETING_VERSION = 1.0;
				PRODUCT_BUNDLE_IDENTIFIER = Nmac.RecipEat;
				PRODUCT_NAME = "$(TARGET_NAME)";
				SWIFT_EMIT_LOC_STRINGS = YES;
				SWIFT_VERSION = 5.0;
				TARGETED_DEVICE_FAMILY = "1,2";
			};
			name = Release;
		};
/* End XCBuildConfiguration section */

/* Begin XCConfigurationList section */
		01D323372BF688E400A48B83 /* Build configuration list for PBXProject "RecipEat" */ = {
			isa = XCConfigurationList;
			buildConfigurations = (
				01D323482BF688E500A48B83 /* Debug */,
				01D323492BF688E500A48B83 /* Release */,
			);
			defaultConfigurationIsVisible = 0;
			defaultConfigurationName = Release;
		};
		01D3234A2BF688E500A48B83 /* Build configuration list for PBXNativeTarget "RecipEat" */ = {
			isa = XCConfigurationList;
			buildConfigurations = (
				01D3234B2BF688E500A48B83 /* Debug */,
				01D3234C2BF688E500A48B83 /* Release */,
			);
			defaultConfigurationIsVisible = 0;
			defaultConfigurationName = Release;
		};
/* End XCConfigurationList section */

/* Begin XCRemoteSwiftPackageReference section */
		01D3234D2BF6899300A48B83 /* XCRemoteSwiftPackageReference "firebase-ios-sdk" */ = {
			isa = XCRemoteSwiftPackageReference;
			repositoryURL = "https://github.com/firebase/firebase-ios-sdk";
			requirement = {
				kind = upToNextMajorVersion;
				minimumVersion = 10.26.0;
			};
		};
/* End XCRemoteSwiftPackageReference section */

/* Begin XCSwiftPackageProductDependency section */
		01D3234E2BF6899300A48B83 /* FirebaseAuth */ = {
			isa = XCSwiftPackageProductDependency;
			package = 01D3234D2BF6899300A48B83 /* XCRemoteSwiftPackageReference "firebase-ios-sdk" */;
			productName = FirebaseAuth;
		};
		01D323502BF6899300A48B83 /* FirebaseFirestore */ = {
			isa = XCSwiftPackageProductDependency;
			package = 01D3234D2BF6899300A48B83 /* XCRemoteSwiftPackageReference "firebase-ios-sdk" */;
			productName = FirebaseFirestore;
		};
		01D323522BF6899300A48B83 /* FirebaseFirestoreSwift */ = {
			isa = XCSwiftPackageProductDependency;
			package = 01D3234D2BF6899300A48B83 /* XCRemoteSwiftPackageReference "firebase-ios-sdk" */;
			productName = FirebaseFirestoreSwift;
		};
/* End XCSwiftPackageProductDependency section */
	};
	rootObject = 01D323342BF688E400A48B83 /* Project object */;
}
